
Microsoft Visual Studio Solution File, Format Version 12.00
# Visual Studio Version 17
VisualStudioVersion = 17.0.31611.283
MinimumVisualStudioVersion = 10.0.40219.1
Project("{9A19103F-16F7-4668-BE54-9A1E7A4F7556}") = "SnakeGame", "SnakeGame\SnakeGame.csproj", "{9F05729F-2898-4B9E-AF44-04F364ADBEEC}"
EndProject
Project("{FAE04EC0-301F-11D3-BF4B-00C04F79EFBC}") = "SnakeGameTests", "SnakeGameTests\SnakeGameTests.csproj", "{A25896B5-17EA-4BAC-A293-16010FEC5146}"
EndProject
Global
	GlobalSection(SolutionConfigurationPlatforms) = preSolution
		Debug|Any CPU = Debug|Any CPU
		Release|Any CPU = Release|Any CPU
	EndGlobalSection
	GlobalSection(ProjectConfigurationPlatforms) = postSolution
		{9F05729F-2898-4B9E-AF44-04F364ADBEEC}.Debug|Any CPU.ActiveCfg = Debug|Any CPU
		{9F05729F-2898-4B9E-AF44-04F364ADBEEC}.Debug|Any CPU.Build.0 = Debug|Any CPU
		{9F05729F-2898-4B9E-AF44-04F364ADBEEC}.Debug|Any CPU.Deploy.0 = Debug|Any CPU
		{9F05729F-2898-4B9E-AF44-04F364ADBEEC}.Release|Any CPU.ActiveCfg = Release|Any CPU
		{9F05729F-2898-4B9E-AF44-04F364ADBEEC}.Release|Any CPU.Build.0 = Release|Any CPU
		{9F05729F-2898-4B9E-AF44-04F364ADBEEC}.Release|Any CPU.Deploy.0 = Release|Any CPU
		{A25896B5-17EA-4BAC-A293-16010FEC5146}.Debug|Any CPU.ActiveCfg = Debug|Any CPU
		{A25896B5-17EA-4BAC-A293-16010FEC5146}.Debug|Any CPU.Build.0 = Debug|Any CPU
		{A25896B5-17EA-4BAC-A293-16010FEC5146}.Release|Any CPU.ActiveCfg = Release|Any CPU
		{A25896B5-17EA-4BAC-A293-16010FEC5146}.Release|Any CPU.Build.0 = Release|Any CPU
	EndGlobalSection
	GlobalSection(SolutionProperties) = preSolution
		HideSolutionNode = FALSE
	EndGlobalSection
	GlobalSection(ExtensibilityGlobals) = postSolution
		SolutionGuid = {61F7FB11-1E47-470C-91E2-47F8143E1572}
	EndGlobalSection
EndGlobal
